PODS:
  - MarqueeLabel/Swift (3.1.3)
  - NotificationBannerSwift (1.5.1):
    - MarqueeLabel/Swift
    - SnapKit (~> 4.0)
  - Reveal-iOS-SDK (1.6.2)
  - SnapKit (4.0.0)

DEPENDENCIES:
  - NotificationBannerSwift (from `../`)
  - Reveal-iOS-SDK

EXTERNAL SOURCES:
  NotificationBannerSwift:
    :path: ../

SPEC CHECKSUMS:
  MarqueeLabel: baa5753dcbd36dca080e1f5c589a665aa5c906f1
  NotificationBannerSwift: 5e6803ed82fc8e13e8fbfd943262e8191ef2492b
  Reveal-iOS-SDK: e2250b3c155bcfac53ae223ddc1f76d08f206c33
  SnapKit: a42d492c16e80209130a3379f73596c3454b7694

PODFILE CHECKSUM: 84e95a20e63b69a8e5ebc4a470550f2eeb32eb52

COCOAPODS: 1.3.1
